// !$*UTF8*$!
{
	archiveVersion = 1;
	classes = {
	};
	objectVersion = 51;
	objects = {

/* Begin PBXBuildFile section */
		3C77AC14850F3F895080E0F0 /* Pods_Spring_Framework.framework in Frameworks */ = {isa = PBXBuildFile; fileRef = 44C9DBC0696E54C5828BB4C1 /* Pods_Spring_Framework.framework */; };
		9AEA11C22710914D003E6E0C /* AppDelegate.swift in Sources */ = {isa = PBXBuildFile; fileRef = 9AEA11C12710914D003E6E0C /* AppDelegate.swift */; };
		9AEA11C42710914D003E6E0C /* SceneDelegate.swift in Sources */ = {isa = PBXBuildFile; fileRef = 9AEA11C32710914D003E6E0C /* SceneDelegate.swift */; };
		9AEA11C62710914D003E6E0C /* ViewController.swift in Sources */ = {isa = PBXBuildFile; fileRef = 9AEA11C52710914D003E6E0C /* ViewController.swift */; };
		9AEA11C92710914D003E6E0C /* Main.storyboard in Resources */ = {isa = PBXBuildFile; fileRef = 9AEA11C72710914D003E6E0C /* Main.storyboard */; };
		9AEA11CB2710914E003E6E0C /* Assets.xcassets in Resources */ = {isa = PBXBuildFile; fileRef = 9AEA11CA2710914E003E6E0C /* Assets.xcassets */; };
		9AEA11CE2710914E003E6E0C /* LaunchScreen.storyboard in Resources */ = {isa = PBXBuildFile; fileRef = 9AEA11CC2710914E003E6E0C /* LaunchScreen.storyboard */; };
		9AFA4783271184BD00365D71 /* AnimationType.swift in Sources */ = {isa = PBXBuildFile; fileRef = 9AFA4782271184BD00365D71 /* AnimationType.swift */; };
/* End PBXBuildFile section */

/* Begin PBXFileReference section */
		44C9DBC0696E54C5828BB4C1 /* Pods_Spring_Framework.framework */ = {isa = PBXFileReference; explicitFileType = wrapper.framework; includeInIndex = 0; path = Pods_Spring_Framework.framework; sourceTree = BUILT_PRODUCTS_DIR; };
		9AEA11BE2710914D003E6E0C /* Spring Framework.app */ = {isa = PBXFileReference; explicitFileType = wrapper.application; includeInIndex = 0; path = "Spring Framework.app"; sourceTree = BUILT_PRODUCTS_DIR; };
		9AEA11C12710914D003E6E0C /* AppDelegate.swift */ = {isa = PBXFileReference; lastKnownFileType = sourcecode.swift; path = AppDelegate.swift; sourceTree = "<group>"; };
		9AEA11C32710914D003E6E0C /* SceneDelegate.swift */ = {isa = PBXFileReference; lastKnownFileType = sourcecode.swift; path = SceneDelegate.swift; sourceTree = "<group>"; };
		9AEA11C52710914D003E6E0C /* ViewController.swift */ = {isa = PBXFileReference; lastKnownFileType = sourcecode.swift; path = ViewController.swift; sourceTree = "<group>"; };
		9AEA11C82710914D003E6E0C /* Base */ = {isa = PBXFileReference; lastKnownFileType = file.storyboard; name = Base; path = Base.lproj/Main.storyboard; sourceTree = "<group>"; };
		9AEA11CA2710914E003E6E0C /* Assets.xcassets */ = {isa = PBXFileReference; lastKnownFileType = folder.assetcatalog; path = Assets.xcassets; sourceTree = "<group>"; };
		9AEA11CD2710914E003E6E0C /* Base */ = {isa = PBXFileReference; lastKnownFileType = file.storyboard; name = Base; path = Base.lproj/LaunchScreen.storyboard; sourceTree = "<group>"; };
		9AEA11CF2710914E003E6E0C /* Info.plist */ = {isa = PBXFileReference; lastKnownFileType = text.plist.xml; path = Info.plist; sourceTree = "<group>"; };
		9AFA4782271184BD00365D71 /* AnimationType.swift */ = {isa = PBXFileReference; lastKnownFileType = sourcecode.swift; path = AnimationType.swift; sourceTree = "<group>"; };
		9D5164A274DFDBF07F08A1C5 /* Pods-Spring Framework.debug.xcconfig */ = {isa = PBXFileReference; includeInIndex = 1; lastKnownFileType = text.xcconfig; name = "Pods-Spring Framework.debug.xcconfig"; path = "Target Support Files/Pods-Spring Framework/Pods-Spring Framework.debug.xcconfig"; sourceTree = "<group>"; };
		CFE8D70065A873D3C5FB5F6E /* Pods-Spring Framework.release.xcconfig */ = {isa = PBXFileReference; includeInIndex = 1; lastKnownFileType = text.xcconfig; name = "Pods-Spring Framework.release.xcconfig"; path = "Target Support Files/Pods-Spring Framework/Pods-Spring Framework.release.xcconfig"; sourceTree = "<group>"; };
/* End PBXFileReference section */

/* Begin PBXFrameworksBuildPhase section */
		9AEA11BB2710914D003E6E0C /* Frameworks */ = {
			isa = PBXFrameworksBuildPhase;
			buildActionMask = 2147483647;
			files = (
				3C77AC14850F3F895080E0F0 /* Pods_Spring_Framework.framework in Frameworks */,
			);
			runOnlyForDeploymentPostprocessing = 0;
		};
/* End PBXFrameworksBuildPhase section */

/* Begin PBXGroup section */
		11625B651769C25D21F203CB /* Pods */ = {
			isa = PBXGroup;
			children = (
				9D5164A274DFDBF07F08A1C5 /* Pods-Spring Framework.debug.xcconfig */,
				CFE8D70065A873D3C5FB5F6E /* Pods-Spring Framework.release.xcconfig */,
			);
			path = Pods;
			sourceTree = "<group>";
		};
		8F6BEC46AB3DF709CDF460BC /* Frameworks */ = {
			isa = PBXGroup;
			children = (
				44C9DBC0696E54C5828BB4C1 /* Pods_Spring_Framework.framework */,
			);
			name = Frameworks;
			sourceTree = "<group>";
		};
		9AEA11B52710914D003E6E0C = {
			isa = PBXGroup;
			children = (
				9AEA11C02710914D003E6E0C /* Spring Framework */,
				9AEA11BF2710914D003E6E0C /* Products */,
				11625B651769C25D21F203CB /* Pods */,
				8F6BEC46AB3DF709CDF460BC /* Frameworks */,
			);
			sourceTree = "<group>";
		};
		9AEA11BF2710914D003E6E0C /* Products */ = {
			isa = PBXGroup;
			children = (
				9AEA11BE2710914D003E6E0C /* Spring Framework.app */,
			);
			name = Products;
			sourceTree = "<group>";
		};
		9AEA11C02710914D003E6E0C /* Spring Framework */ = {
			isa = PBXGroup;
			children = (
				9AEFA6102711705000D464F1 /* Model */,
				9AEA11C12710914D003E6E0C /* AppDelegate.swift */,
				9AEA11C32710914D003E6E0C /* SceneDelegate.swift */,
				9AEA11C52710914D003E6E0C /* ViewController.swift */,
				9AEA11C72710914D003E6E0C /* Main.storyboard */,
				9AEA11CA2710914E003E6E0C /* Assets.xcassets */,
				9AEA11CC2710914E003E6E0C /* LaunchScreen.storyboard */,
				9AEA11CF2710914E003E6E0C /* Info.plist */,
			);
			path = "Spring Framework";
			sourceTree = "<group>";
		};
		9AEFA6102711705000D464F1 /* Model */ = {
			isa = PBXGroup;
			children = (
				9AFA4782271184BD00365D71 /* AnimationType.swift */,
			);
			name = Model;
			path = ..;
			sourceTree = "<group>";
		};
/* End PBXGroup section */

/* Begin PBXNativeTarget section */
		9AEA11BD2710914D003E6E0C /* Spring Framework */ = {
			isa = PBXNativeTarget;
			buildConfigurationList = 9AEA11D22710914E003E6E0C /* Build configuration list for PBXNativeTarget "Spring Framework" */;
			buildPhases = (
				D334E4EE262A14BE61E9C5A3 /* [CP] Check Pods Manifest.lock */,
				9AEA11BA2710914D003E6E0C /* Sources */,
				9AEA11BB2710914D003E6E0C /* Frameworks */,
				9AEA11BC2710914D003E6E0C /* Resources */,
				BF81296829C837229312B067 /* [CP] Embed Pods Frameworks */,
			);
			buildRules = (
			);
			dependencies = (
			);
			name = "Spring Framework";
			productName = "Spring Framework";
			productReference = 9AEA11BE2710914D003E6E0C /* Spring Framework.app */;
			productType = "com.apple.product-type.application";
		};
/* End PBXNativeTarget section */

/* Begin PBXProject section */
		9AEA11B62710914D003E6E0C /* Project object */ = {
			isa = PBXProject;
			attributes = {
				LastSwiftUpdateCheck = 1250;
				LastUpgradeCheck = 1250;
				TargetAttributes = {
					9AEA11BD2710914D003E6E0C = {
						CreatedOnToolsVersion = 12.5.1;
					};
				};
			};
			buildConfigurationList = 9AEA11B92710914D003E6E0C /* Build configuration list for PBXProject "Spring Framework" */;
			compatibilityVersion = "Xcode 9.3";
			developmentRegion = en;
			hasScannedForEncodings = 0;
			knownRegions = (
				en,
				Base,
			);
			mainGroup = 9AEA11B52710914D003E6E0C;
			productRefGroup = 9AEA11BF2710914D003E6E0C /* Products */;
			projectDirPath = "";
			projectRoot = "";
			targets = (
				9AEA11BD2710914D003E6E0C /* Spring Framework */,
			);
		};
/* End PBXProject section */

/* Begin PBXResourcesBuildPhase section */
		9AEA11BC2710914D003E6E0C /* Resources */ = {
			isa = PBXResourcesBuildPhase;
			buildActionMask = 2147483647;
			files = (
				9AEA11CE2710914E003E6E0C /* LaunchScreen.storyboard in Resources */,
				9AEA11CB2710914E003E6E0C /* Assets.xcassets in Resources */,
				9AEA11C92710914D003E6E0C /* Main.storyboard in Resources */,
			);
			runOnlyForDeploymentPostprocessing = 0;
		};
/* End PBXResourcesBuildPhase section */

/* Begin PBXShellScriptBuildPhase section */
		BF81296829C837229312B067 /* [CP] Embed Pods Frameworks */ = {
			isa = PBXShellScriptBuildPhase;
			buildActionMask = 2147483647;
			files = (
			);
			inputFileListPaths = (
				"${PODS_ROOT}/Target Support Files/Pods-Spring Framework/Pods-Spring Framework-frameworks-${CONFIGURATION}-input-files.xcfilelist",
			);
			name = "[CP] Embed Pods Frameworks";
			outputFileListPaths = (
				"${PODS_ROOT}/Target Support Files/Pods-Spring Framework/Pods-Spring Framework-frameworks-${CONFIGURATION}-output-files.xcfilelist",
			);
			runOnlyForDeploymentPostprocessing = 0;
			shellPath = /bin/sh;
			shellScript = "\"${PODS_ROOT}/Target Support Files/Pods-Spring Framework/Pods-Spring Framework-frameworks.sh\"\n";
			showEnvVarsInLog = 0;
		};
		D334E4EE262A14BE61E9C5A3 /* [CP] Check Pods Manifest.lock */ = {
			isa = PBXShellScriptBuildPhase;
			buildActionMask = 2147483647;
			files = (
			);
			inputFileListPaths = (
			);
			inputPaths = (
				"${PODS_PODFILE_DIR_PATH}/Podfile.lock",
				"${PODS_ROOT}/Manifest.lock",
			);
			name = "[CP] Check Pods Manifest.lock";
			outputFileListPaths = (
			);
			outputPaths = (
				"$(DERIVED_FILE_DIR)/Pods-Spring Framework-checkManifestLockResult.txt",
			);
			runOnlyForDeploymentPostprocessing = 0;
			shellPath = /bin/sh;
			shellScript = "diff \"${PODS_PODFILE_DIR_PATH}/Podfile.lock\" \"${PODS_ROOT}/Manifest.lock\" > /dev/null\nif [ $? != 0 ] ; then\n    # print error to STDERR\n    echo \"error: The sandbox is not in sync with the Podfile.lock. Run 'pod install' or update your CocoaPods installation.\" >&2\n    exit 1\nfi\n# This output is used by Xcode 'outputs' to avoid re-running this script phase.\necho \"SUCCESS\" > \"${SCRIPT_OUTPUT_FILE_0}\"\n";
			showEnvVarsInLog = 0;
		};
/* End PBXShellScriptBuildPhase section */

/* Begin PBXSourcesBuildPhase section */
		9AEA11BA2710914D003E6E0C /* Sources */ = {
			isa = PBXSourcesBuildPhase;
			buildActionMask = 2147483647;
			files = (
				9AFA4783271184BD00365D71 /* AnimationType.swift in Sources */,
				9AEA11C62710914D003E6E0C /* ViewController.swift in Sources */,
				9AEA11C22710914D003E6E0C /* AppDelegate.swift in Sources */,
				9AEA11C42710914D003E6E0C /* SceneDelegate.swift in Sources */,
			);
			runOnlyForDeploymentPostprocessing = 0;
		};
/* End PBXSourcesBuildPhase section */

/* Begin PBXVariantGroup section */
		9AEA11C72710914D003E6E0C /* Main.storyboard */ = {
			isa = PBXVariantGroup;
			children = (
				9AEA11C82710914D003E6E0C /* Base */,
			);
			name = Main.storyboard;
			sourceTree = "<group>";
		};
		9AEA11CC2710914E003E6E0C /* LaunchScreen.storyboard */ = {
			isa = PBXVariantGroup;
			children = (
				9AEA11CD2710914E003E6E0C /* Base */,
			);
			name = LaunchScreen.storyboard;
			sourceTree = "<group>";
		};
/* End PBXVariantGroup section */

/* Begin XCBuildConfiguration section */
		9AEA11D02710914E003E6E0C /* Debug */ = {
			isa = XCBuildConfiguration;
			buildSettings = {
				ALWAYS_SEARCH_USER_PATHS = NO;
				CLANG_ANALYZER_NONNULL = YES;
				CLANG_ANALYZER_NUMBER_OBJECT_CONVERSION = YES_AGGRESSIVE;
				CLANG_CXX_LANGUAGE_STANDARD = "gnu++14";
				CLANG_CXX_LIBRARY = "libc++";
				CLANG_ENABLE_MODULES = YES;
				CLANG_ENABLE_OBJC_ARC = YES;
				CLANG_ENABLE_OBJC_WEAK = YES;
				CLANG_WARN_BLOCK_CAPTURE_AUTORELEASING = YES;
				CLANG_WARN_BOOL_CONVERSION = YES;
				CLANG_WARN_COMMA = YES;
				CLANG_WARN_CONSTANT_CONVERSION = YES;
				CLANG_WARN_DEPRECATED_OBJC_IMPLEMENTATIONS = YES;
				CLANG_WARN_DIRECT_OBJC_ISA_USAGE = YES_ERROR;
				CLANG_WARN_DOCUMENTATION_COMMENTS = YES;
				CLANG_WARN_EMPTY_BODY = YES;
				CLANG_WARN_ENUM_CONVERSION = YES;
				CLANG_WARN_INFINITE_RECURSION = YES;
				CLANG_WARN_INT_CONVERSION = YES;
				CLANG_WARN_NON_LITERAL_NULL_CONVERSION = YES;
				CLANG_WARN_OBJC_IMPLICIT_RETAIN_SELF = YES;
				CLANG_WARN_OBJC_LITERAL_CONVERSION = YES;
				CLANG_WARN_OBJC_ROOT_CLASS = YES_ERROR;
				CLANG_WARN_QUOTED_INCLUDE_IN_FRAMEWORK_HEADER = YES;
				CLANG_WARN_RANGE_LOOP_ANALYSIS = YES;
				CLANG_WARN_STRICT_PROTOTYPES = YES;
				CLANG_WARN_SUSPICIOUS_MOVE = YES;
				CLANG_WARN_UNGUARDED_AVAILABILITY = YES_AGGRESSIVE;
				CLANG_WARN_UNREACHABLE_CODE = YES;
				CLANG_WARN__DUPLICATE_METHOD_MATCH = YES;
				COPY_PHASE_STRIP = NO;
				DEBUG_INFORMATION_FORMAT = dwarf;
				ENABLE_STRICT_OBJC_MSGSEND = YES;
				ENABLE_TESTABILITY = YES;
				GCC_C_LANGUAGE_STANDARD = gnu11;
				GCC_DYNAMIC_NO_PIC = NO;
				GCC_NO_COMMON_BLOCKS = YES;
				GCC_OPTIMIZATION_LEVEL = 0;
				GCC_PREPROCESSOR_DEFINITIONS = (
					"DEBUG=1",
					"$(inherited)",
				);
				GCC_WARN_64_TO_32_BIT_CONVERSION = YES;
				GCC_WARN_ABOUT_RETURN_TYPE = YES_ERROR;
				GCC_WARN_UNDECLARED_SELECTOR = YES;
				GCC_WARN_UNINITIALIZED_AUTOS = YES_AGGRESSIVE;
				GCC_WARN_UNUSED_FUNCTION = YES;
				GCC_WARN_UNUSED_VARIABLE = YES;
				IPHONEOS_DEPLOYMENT_TARGET = 14.5;
				MTL_ENABLE_DEBUG_INFO = INCLUDE_SOURCE;
				MTL_FAST_MATH = YES;
				ONLY_ACTIVE_ARCH = YES;
				SDKROOT = iphoneos;
				SWIFT_ACTIVE_COMPILATION_CONDITIONS = DEBUG;
				SWIFT_OPTIMIZATION_LEVEL = "-Onone";
			};
			name = Debug;
		};
		9AEA11D12710914E003E6E0C /* Release */ = {
			isa = XCBuildConfiguration;
			buildSettings = {
				ALWAYS_SEARCH_USER_PATHS = NO;
				CLANG_ANALYZER_NONNULL = YES;
				CLANG_ANALYZER_NUMBER_OBJECT_CONVERSION = YES_AGGRESSIVE;
				CLANG_CXX_LANGUAGE_STANDARD = "gnu++14";
				CLANG_CXX_LIBRARY = "libc++";
				CLANG_ENABLE_MODULES = YES;
				CLANG_ENABLE_OBJC_ARC = YES;
				CLANG_ENABLE_OBJC_WEAK = YES;
				CLANG_WARN_BLOCK_CAPTURE_AUTORELEASING = YES;
				CLANG_WARN_BOOL_CONVERSION = YES;
				CLANG_WARN_COMMA = YES;
				CLANG_WARN_CONSTANT_CONVERSION = YES;
				CLANG_WARN_DEPRECATED_OBJC_IMPLEMENTATIONS = YES;
				CLANG_WARN_DIRECT_OBJC_ISA_USAGE = YES_ERROR;
				CLANG_WARN_DOCUMENTATION_COMMENTS = YES;
				CLANG_WARN_EMPTY_BODY = YES;
				CLANG_WARN_ENUM_CONVERSION = YES;
				CLANG_WARN_INFINITE_RECURSION = YES;
				CLANG_WARN_INT_CONVERSION = YES;
				CLANG_WARN_NON_LITERAL_NULL_CONVERSION = YES;
				CLANG_WARN_OBJC_IMPLICIT_RETAIN_SELF = YES;
				CLANG_WARN_OBJC_LITERAL_CONVERSION = YES;
				CLANG_WARN_OBJC_ROOT_CLASS = YES_ERROR;
				CLANG_WARN_QUOTED_INCLUDE_IN_FRAMEWORK_HEADER = YES;
				CLANG_WARN_RANGE_LOOP_ANALYSIS = YES;
				CLANG_WARN_STRICT_PROTOTYPES = YES;
				CLANG_WARN_SUSPICIOUS_MOVE = YES;
				CLANG_WARN_UNGUARDED_AVAILABILITY = YES_AGGRESSIVE;
				CLANG_WARN_UNREACHABLE_CODE = YES;
				CLANG_WARN__DUPLICATE_METHOD_MATCH = YES;
				COPY_PHASE_STRIP = NO;
				DEBUG_INFORMATION_FORMAT = "dwarf-with-dsym";
				ENABLE_NS_ASSERTIONS = NO;
				ENABLE_STRICT_OBJC_MSGSEND = YES;
				GCC_C_LANGUAGE_STANDARD = gnu11;
				GCC_NO_COMMON_BLOCKS = YES;
				GCC_WARN_64_TO_32_BIT_CONVERSION = YES;
				GCC_WARN_ABOUT_RETURN_TYPE = YES_ERROR;
				GCC_WARN_UNDECLARED_SELECTOR = YES;
				GCC_WARN_UNINITIALIZED_AUTOS = YES_AGGRESSIVE;
				GCC_WARN_UNUSED_FUNCTION = YES;
				GCC_WARN_UNUSED_VARIABLE = YES;
				IPHONEOS_DEPLOYMENT_TARGET = 14.5;
				MTL_ENABLE_DEBUG_INFO = NO;
				MTL_FAST_MATH = YES;
				SDKROOT = iphoneos;
				SWIFT_COMPILATION_MODE = wholemodule;
				SWIFT_OPTIMIZATION_LEVEL = "-O";
				VALIDATE_PRODUCT = YES;
			};
			name = Release;
		};
		9AEA11D32710914E003E6E0C /* Debug */ = {
			isa = XCBuildConfiguration;
			baseConfigurationReference = 9D5164A274DFDBF07F08A1C5 /* Pods-Spring Framework.debug.xcconfig */;
			buildSettings = {
				ASSETCATALOG_COMPILER_APPICON_NAME = AppIcon;
				ASSETCATALOG_COMPILER_GLOBAL_ACCENT_COLOR_NAME = AccentColor;
				CODE_SIGN_STYLE = Automatic;
				DEVELOPMENT_TEAM = LSYTM34S6Z;
				INFOPLIST_FILE = "Spring Framework/Info.plist";
				LD_RUNPATH_SEARCH_PATHS = (
					"$(inherited)",
					"@executable_path/Frameworks",
				);
				PRODUCT_BUNDLE_IDENTIFIER = "Yaroslav-Akulov.Spring-Framework";
				PRODUCT_NAME = "$(TARGET_NAME)";
				SWIFT_VERSION = 5.0;
				TARGETED_DEVICE_FAMILY = "1,2";
			};
			name = Debug;
		};
		9AEA11D42710914E003E6E0C /* Release */ = {
			isa = XCBuildConfiguration;
			baseConfigurationReference = CFE8D70065A873D3C5FB5F6E /* Pods-Spring Framework.release.xcconfig */;
			buildSettings = {
				ASSETCATALOG_COMPILER_APPICON_NAME = AppIcon;
				ASSETCATALOG_COMPILER_GLOBAL_ACCENT_COLOR_NAME = AccentColor;
				CODE_SIGN_STYLE = Automatic;
				DEVELOPMENT_TEAM = LSYTM34S6Z;
				INFOPLIST_FILE = "Spring Framework/Info.plist";
				LD_RUNPATH_SEARCH_PATHS = (
					"$(inherited)",
					"@executable_path/Frameworks",
				);
				PRODUCT_BUNDLE_IDENTIFIER = "Yaroslav-Akulov.Spring-Framework";
				PRODUCT_NAME = "$(TARGET_NAME)";
				SWIFT_VERSION = 5.0;
				TARGETED_DEVICE_FAMILY = "1,2";
			};
			name = Release;
		};
/* End XCBuildConfiguration section */

/* Begin XCConfigurationList section */
		9AEA11B92710914D003E6E0C /* Build configuration list for PBXProject "Spring Framework" */ = {
			isa = XCConfigurationList;
			buildConfigurations = (
				9AEA11D02710914E003E6E0C /* Debug */,
				9AEA11D12710914E003E6E0C /* Release */,
			);
			defaultConfigurationIsVisible = 0;
			defaultConfigurationName = Release;
		};
		9AEA11D22710914E003E6E0C /* Build configuration list for PBXNativeTarget "Spring Framework" */ = {
			isa = XCConfigurationList;
			buildConfigurations = (
				9AEA11D32710914E003E6E0C /* Debug */,
				9AEA11D42710914E003E6E0C /* Release */,
			);
			defaultConfigurationIsVisible = 0;
			defaultConfigurationName = Release;
		};
/* End XCConfigurationList section */
	};
	rootObject = 9AEA11B62710914D003E6E0C /* Project object */;
}
